
Microsoft Visual Studio Solution File, Format Version 12.00
# Visual Studio Version 17
VisualStudioVersion = 17.6.33829.357
MinimumVisualStudioVersion = 10.0.40219.1
Project("{FAE04EC0-301F-11D3-BF4B-00C04F79EFBC}") = "anonymous-forum-csharp", "anonymous-forum-csharp\anonymous-forum-csharp.csproj", "{37F8AB51-E7F1-4C88-8BAA-490559B98ED4}"
EndProject
Global
	GlobalSection(SolutionConfigurationPlatforms) = preSolution
		Debug|Any CPU = Debug|Any CPU
		Release|Any CPU = Release|Any CPU
	EndGlobalSection
	GlobalSection(ProjectConfigurationPlatforms) = postSolution
		{37F8AB51-E7F1-4C88-8BAA-490559B98ED4}.Debug|Any CPU.ActiveCfg = Debug|Any CPU
		{37F8AB51-E7F1-4C88-8BAA-490559B98ED4}.Debug|Any CPU.Build.0 = Debug|Any CPU
		{37F8AB51-E7F1-4C88-8BAA-490559B98ED4}.Release|Any CPU.ActiveCfg = Release|Any CPU
		{37F8AB51-E7F1-4C88-8BAA-490559B98ED4}.Release|Any CPU.Build.0 = Release|Any CPU
	EndGlobalSection
	GlobalSection(SolutionProperties) = preSolution
		HideSolutionNode = FALSE
	EndGlobalSection
	GlobalSection(ExtensibilityGlobals) = postSolution
		SolutionGuid = {05BE269C-F63D-4A65-B8A4-D64F47FBA0B1}
	EndGlobalSection
EndGlobal
